// !$*UTF8*$!
{
	archiveVersion = 1;
	classes = {
	};
	objectVersion = 50;
	objects = {

/* Begin PBXBuildFile section */
		2A257897237A0B6700BE36C0 /* ScorecardListTableViewController.swift in Sources */ = {isa = PBXBuildFile; fileRef = 2A257896237A0B6700BE36C0 /* ScorecardListTableViewController.swift */; };
		2A257899237A0C8500BE36C0 /* ScorecardEntryViewController.swift in Sources */ = {isa = PBXBuildFile; fileRef = 2A257898237A0C8500BE36C0 /* ScorecardEntryViewController.swift */; };
		2AD77FAD2375D13400A79561 /* ScorecardController.swift in Sources */ = {isa = PBXBuildFile; fileRef = 2AD77FAC2375D13400A79561 /* ScorecardController.swift */; };
		2AD77FB52376134500A79561 /* Course.swift in Sources */ = {isa = PBXBuildFile; fileRef = 2AD77FB42376134500A79561 /* Course.swift */; };
		2AD77FB7237619B500A79561 /* CourseController.swift in Sources */ = {isa = PBXBuildFile; fileRef = 2AD77FB6237619B500A79561 /* CourseController.swift */; };
		2AFC54A72374C34D00408E21 /* AppDelegate.swift in Sources */ = {isa = PBXBuildFile; fileRef = 2AFC54A62374C34D00408E21 /* AppDelegate.swift */; };
		2AFC54A92374C34D00408E21 /* SceneDelegate.swift in Sources */ = {isa = PBXBuildFile; fileRef = 2AFC54A82374C34D00408E21 /* SceneDelegate.swift */; };
		2AFC54AE2374C34D00408E21 /* Main.storyboard in Resources */ = {isa = PBXBuildFile; fileRef = 2AFC54AC2374C34D00408E21 /* Main.storyboard */; };
		2AFC54B02374C34E00408E21 /* Assets.xcassets in Resources */ = {isa = PBXBuildFile; fileRef = 2AFC54AF2374C34E00408E21 /* Assets.xcassets */; };
		2AFC54B32374C34E00408E21 /* LaunchScreen.storyboard in Resources */ = {isa = PBXBuildFile; fileRef = 2AFC54B12374C34E00408E21 /* LaunchScreen.storyboard */; };
		2AFC54C22374E2B000408E21 /* Scorecard.swift in Sources */ = {isa = PBXBuildFile; fileRef = 2AFC54C12374E2B000408E21 /* Scorecard.swift */; };
/* End PBXBuildFile section */

/* Begin PBXFileReference section */
		2A257896237A0B6700BE36C0 /* ScorecardListTableViewController.swift */ = {isa = PBXFileReference; lastKnownFileType = sourcecode.swift; path = ScorecardListTableViewController.swift; sourceTree = "<group>"; };
		2A257898237A0C8500BE36C0 /* ScorecardEntryViewController.swift */ = {isa = PBXFileReference; lastKnownFileType = sourcecode.swift; path = ScorecardEntryViewController.swift; sourceTree = "<group>"; };
		2AD77FAC2375D13400A79561 /* ScorecardController.swift */ = {isa = PBXFileReference; lastKnownFileType = sourcecode.swift; path = ScorecardController.swift; sourceTree = "<group>"; };
		2AD77FB42376134500A79561 /* Course.swift */ = {isa = PBXFileReference; lastKnownFileType = sourcecode.swift; path = Course.swift; sourceTree = "<group>"; };
		2AD77FB6237619B500A79561 /* CourseController.swift */ = {isa = PBXFileReference; lastKnownFileType = sourcecode.swift; path = CourseController.swift; sourceTree = "<group>"; };
		2AFC54A32374C34D00408E21 /* DGScorekeeper.app */ = {isa = PBXFileReference; explicitFileType = wrapper.application; includeInIndex = 0; path = DGScorekeeper.app; sourceTree = BUILT_PRODUCTS_DIR; };
		2AFC54A62374C34D00408E21 /* AppDelegate.swift */ = {isa = PBXFileReference; lastKnownFileType = sourcecode.swift; path = AppDelegate.swift; sourceTree = "<group>"; };
		2AFC54A82374C34D00408E21 /* SceneDelegate.swift */ = {isa = PBXFileReference; lastKnownFileType = sourcecode.swift; path = SceneDelegate.swift; sourceTree = "<group>"; };
		2AFC54AD2374C34D00408E21 /* Base */ = {isa = PBXFileReference; lastKnownFileType = file.storyboard; name = Base; path = Base.lproj/Main.storyboard; sourceTree = "<group>"; };
		2AFC54AF2374C34E00408E21 /* Assets.xcassets */ = {isa = PBXFileReference; lastKnownFileType = folder.assetcatalog; path = Assets.xcassets; sourceTree = "<group>"; };
		2AFC54B22374C34E00408E21 /* Base */ = {isa = PBXFileReference; lastKnownFileType = file.storyboard; name = Base; path = Base.lproj/LaunchScreen.storyboard; sourceTree = "<group>"; };
		2AFC54B42374C34E00408E21 /* Info.plist */ = {isa = PBXFileReference; lastKnownFileType = text.plist.xml; path = Info.plist; sourceTree = "<group>"; };
		2AFC54C12374E2B000408E21 /* Scorecard.swift */ = {isa = PBXFileReference; lastKnownFileType = sourcecode.swift; path = Scorecard.swift; sourceTree = "<group>"; };
/* End PBXFileReference section */

/* Begin PBXFrameworksBuildPhase section */
		2AFC54A02374C34D00408E21 /* Frameworks */ = {
			isa = PBXFrameworksBuildPhase;
			buildActionMask = 2147483647;
			files = (
			);
			runOnlyForDeploymentPostprocessing = 0;
		};
/* End PBXFrameworksBuildPhase section */

/* Begin PBXGroup section */
		2AFC549A2374C34D00408E21 = {
			isa = PBXGroup;
			children = (
				2AFC54A52374C34D00408E21 /* DGScorekeeper */,
				2AFC54A42374C34D00408E21 /* Products */,
			);
			sourceTree = "<group>";
		};
		2AFC54A42374C34D00408E21 /* Products */ = {
			isa = PBXGroup;
			children = (
				2AFC54A32374C34D00408E21 /* DGScorekeeper.app */,
			);
			name = Products;
			sourceTree = "<group>";
		};
		2AFC54A52374C34D00408E21 /* DGScorekeeper */ = {
			isa = PBXGroup;
			children = (
				2AFC54BD2374E1EC00408E21 /* Models */,
				2AFC54BB2374C37C00408E21 /* Views */,
				2AFC54BE2374E1FB00408E21 /* Controllers */,
				2AFC54BA2374C37400408E21 /* Resources */,
			);
			path = DGScorekeeper;
			sourceTree = "<group>";
		};
		2AFC54BA2374C37400408E21 /* Resources */ = {
			isa = PBXGroup;
			children = (
				2AFC54A62374C34D00408E21 /* AppDelegate.swift */,
				2AFC54A82374C34D00408E21 /* SceneDelegate.swift */,
				2AFC54AF2374C34E00408E21 /* Assets.xcassets */,
				2AFC54B12374C34E00408E21 /* LaunchScreen.storyboard */,
				2AFC54B42374C34E00408E21 /* Info.plist */,
			);
			path = Resources;
			sourceTree = "<group>";
		};
		2AFC54BB2374C37C00408E21 /* Views */ = {
			isa = PBXGroup;
			children = (
				2AFC54AC2374C34D00408E21 /* Main.storyboard */,
			);
			path = Views;
			sourceTree = "<group>";
		};
		2AFC54BD2374E1EC00408E21 /* Models */ = {
			isa = PBXGroup;
			children = (
				2AFC54C12374E2B000408E21 /* Scorecard.swift */,
				2AD77FB42376134500A79561 /* Course.swift */,
			);
			path = Models;
			sourceTree = "<group>";
		};
		2AFC54BE2374E1FB00408E21 /* Controllers */ = {
			isa = PBXGroup;
			children = (
				2AFC54BF2374E20D00408E21 /* ModelControllers */,
				2AFC54C02374E21600408E21 /* ViewControllers */,
			);
			path = Controllers;
			sourceTree = "<group>";
		};
		2AFC54BF2374E20D00408E21 /* ModelControllers */ = {
			isa = PBXGroup;
			children = (
				2AD77FAC2375D13400A79561 /* ScorecardController.swift */,
				2AD77FB6237619B500A79561 /* CourseController.swift */,
			);
			path = ModelControllers;
			sourceTree = "<group>";
		};
		2AFC54C02374E21600408E21 /* ViewControllers */ = {
			isa = PBXGroup;
			children = (
				2A257896237A0B6700BE36C0 /* ScorecardListTableViewController.swift */,
				2A257898237A0C8500BE36C0 /* ScorecardEntryViewController.swift */,
			);
			path = ViewControllers;
			sourceTree = "<group>";
		};
/* End PBXGroup section */

/* Begin PBXNativeTarget section */
		2AFC54A22374C34D00408E21 /* DGScorekeeper */ = {
			isa = PBXNativeTarget;
			buildConfigurationList = 2AFC54B72374C34E00408E21 /* Build configuration list for PBXNativeTarget "DGScorekeeper" */;
			buildPhases = (
				2AFC549F2374C34D00408E21 /* Sources */,
				2AFC54A02374C34D00408E21 /* Frameworks */,
				2AFC54A12374C34D00408E21 /* Resources */,
			);
			buildRules = (
			);
			dependencies = (
			);
			name = DGScorekeeper;
			productName = DGScorekeeper;
			productReference = 2AFC54A32374C34D00408E21 /* DGScorekeeper.app */;
			productType = "com.apple.product-type.application";
		};
/* End PBXNativeTarget section */

/* Begin PBXProject section */
		2AFC549B2374C34D00408E21 /* Project object */ = {
			isa = PBXProject;
			attributes = {
				LastSwiftUpdateCheck = 1120;
				LastUpgradeCheck = 1120;
				ORGANIZATIONNAME = "Austin Goetz";
				TargetAttributes = {
					2AFC54A22374C34D00408E21 = {
						CreatedOnToolsVersion = 11.2;
					};
				};
			};
			buildConfigurationList = 2AFC549E2374C34D00408E21 /* Build configuration list for PBXProject "DGScorekeeper" */;
			compatibilityVersion = "Xcode 9.3";
			developmentRegion = en;
			hasScannedForEncodings = 0;
			knownRegions = (
				en,
				Base,
			);
			mainGroup = 2AFC549A2374C34D00408E21;
			productRefGroup = 2AFC54A42374C34D00408E21 /* Products */;
			projectDirPath = "";
			projectRoot = "";
			targets = (
				2AFC54A22374C34D00408E21 /* DGScorekeeper */,
			);
		};
/* End PBXProject section */

/* Begin PBXResourcesBuildPhase section */
		2AFC54A12374C34D00408E21 /* Resources */ = {
			isa = PBXResourcesBuildPhase;
			buildActionMask = 2147483647;
			files = (
				2AFC54B32374C34E00408E21 /* LaunchScreen.storyboard in Resources */,
				2AFC54B02374C34E00408E21 /* Assets.xcassets in Resources */,
				2AFC54AE2374C34D00408E21 /* Main.storyboard in Resources */,
			);
			runOnlyForDeploymentPostprocessing = 0;
		};
/* End PBXResourcesBuildPhase section */

/* Begin PBXSourcesBuildPhase section */
		2AFC549F2374C34D00408E21 /* Sources */ = {
			isa = PBXSourcesBuildPhase;
			buildActionMask = 2147483647;
			files = (
				2AFC54C22374E2B000408E21 /* Scorecard.swift in Sources */,
				2AD77FB52376134500A79561 /* Course.swift in Sources */,
				2A257897237A0B6700BE36C0 /* ScorecardListTableViewController.swift in Sources */,
				2AFC54A72374C34D00408E21 /* AppDelegate.swift in Sources */,
				2A257899237A0C8500BE36C0 /* ScorecardEntryViewController.swift in Sources */,
				2AD77FAD2375D13400A79561 /* ScorecardController.swift in Sources */,
				2AFC54A92374C34D00408E21 /* SceneDelegate.swift in Sources */,
				2AD77FB7237619B500A79561 /* CourseController.swift in Sources */,
			);
			runOnlyForDeploymentPostprocessing = 0;
		};
/* End PBXSourcesBuildPhase section */

/* Begin PBXVariantGroup section */
		2AFC54AC2374C34D00408E21 /* Main.storyboard */ = {
			isa = PBXVariantGroup;
			children = (
				2AFC54AD2374C34D00408E21 /* Base */,
			);
			name = Main.storyboard;
			sourceTree = "<group>";
		};
		2AFC54B12374C34E00408E21 /* LaunchScreen.storyboard */ = {
			isa = PBXVariantGroup;
			children = (
				2AFC54B22374C34E00408E21 /* Base */,
			);
			name = LaunchScreen.storyboard;
			sourceTree = "<group>";
		};
/* End PBXVariantGroup section */

/* Begin XCBuildConfiguration section */
		2AFC54B52374C34E00408E21 /* Debug */ = {
			isa = XCBuildConfiguration;
			buildSettings = {
				ALWAYS_SEARCH_USER_PATHS = NO;
				CLANG_ANALYZER_NONNULL = YES;
				CLANG_ANALYZER_NUMBER_OBJECT_CONVERSION = YES_AGGRESSIVE;
				CLANG_CXX_LANGUAGE_STANDARD = "gnu++14";
				CLANG_CXX_LIBRARY = "libc++";
				CLANG_ENABLE_MODULES = YES;
				CLANG_ENABLE_OBJC_ARC = YES;
				CLANG_ENABLE_OBJC_WEAK = YES;
				CLANG_WARN_BLOCK_CAPTURE_AUTORELEASING = YES;
				CLANG_WARN_BOOL_CONVERSION = YES;
				CLANG_WARN_COMMA = YES;
				CLANG_WARN_CONSTANT_CONVERSION = YES;
				CLANG_WARN_DEPRECATED_OBJC_IMPLEMENTATIONS = YES;
				CLANG_WARN_DIRECT_OBJC_ISA_USAGE = YES_ERROR;
				CLANG_WARN_DOCUMENTATION_COMMENTS = YES;
				CLANG_WARN_EMPTY_BODY = YES;
				CLANG_WARN_ENUM_CONVERSION = YES;
				CLANG_WARN_INFINITE_RECURSION = YES;
				CLANG_WARN_INT_CONVERSION = YES;
				CLANG_WARN_NON_LITERAL_NULL_CONVERSION = YES;
				CLANG_WARN_OBJC_IMPLICIT_RETAIN_SELF = YES;
				CLANG_WARN_OBJC_LITERAL_CONVERSION = YES;
				CLANG_WARN_OBJC_ROOT_CLASS = YES_ERROR;
				CLANG_WARN_RANGE_LOOP_ANALYSIS = YES;
				CLANG_WARN_STRICT_PROTOTYPES = YES;
				CLANG_WARN_SUSPICIOUS_MOVE = YES;
				CLANG_WARN_UNGUARDED_AVAILABILITY = YES_AGGRESSIVE;
				CLANG_WARN_UNREACHABLE_CODE = YES;
				CLANG_WARN__DUPLICATE_METHOD_MATCH = YES;
				COPY_PHASE_STRIP = NO;
				DEBUG_INFORMATION_FORMAT = dwarf;
				ENABLE_STRICT_OBJC_MSGSEND = YES;
				ENABLE_TESTABILITY = YES;
				GCC_C_LANGUAGE_STANDARD = gnu11;
				GCC_DYNAMIC_NO_PIC = NO;
				GCC_NO_COMMON_BLOCKS = YES;
				GCC_OPTIMIZATION_LEVEL = 0;
				GCC_PREPROCESSOR_DEFINITIONS = (
					"DEBUG=1",
					"$(inherited)",
				);
				GCC_WARN_64_TO_32_BIT_CONVERSION = YES;
				GCC_WARN_ABOUT_RETURN_TYPE = YES_ERROR;
				GCC_WARN_UNDECLARED_SELECTOR = YES;
				GCC_WARN_UNINITIALIZED_AUTOS = YES_AGGRESSIVE;
				GCC_WARN_UNUSED_FUNCTION = YES;
				GCC_WARN_UNUSED_VARIABLE = YES;
				IPHONEOS_DEPLOYMENT_TARGET = 13.2;
				MTL_ENABLE_DEBUG_INFO = INCLUDE_SOURCE;
				MTL_FAST_MATH = YES;
				ONLY_ACTIVE_ARCH = YES;
				SDKROOT = iphoneos;
				SWIFT_ACTIVE_COMPILATION_CONDITIONS = DEBUG;
				SWIFT_OPTIMIZATION_LEVEL = "-Onone";
			};
			name = Debug;
		};
		2AFC54B62374C34E00408E21 /* Release */ = {
			isa = XCBuildConfiguration;
			buildSettings = {
				ALWAYS_SEARCH_USER_PATHS = NO;
				CLANG_ANALYZER_NONNULL = YES;
				CLANG_ANALYZER_NUMBER_OBJECT_CONVERSION = YES_AGGRESSIVE;
				CLANG_CXX_LANGUAGE_STANDARD = "gnu++14";
				CLANG_CXX_LIBRARY = "libc++";
				CLANG_ENABLE_MODULES = YES;
				CLANG_ENABLE_OBJC_ARC = YES;
				CLANG_ENABLE_OBJC_WEAK = YES;
				CLANG_WARN_BLOCK_CAPTURE_AUTORELEASING = YES;
				CLANG_WARN_BOOL_CONVERSION = YES;
				CLANG_WARN_COMMA = YES;
				CLANG_WARN_CONSTANT_CONVERSION = YES;
				CLANG_WARN_DEPRECATED_OBJC_IMPLEMENTATIONS = YES;
				CLANG_WARN_DIRECT_OBJC_ISA_USAGE = YES_ERROR;
				CLANG_WARN_DOCUMENTATION_COMMENTS = YES;
				CLANG_WARN_EMPTY_BODY = YES;
				CLANG_WARN_ENUM_CONVERSION = YES;
				CLANG_WARN_INFINITE_RECURSION = YES;
				CLANG_WARN_INT_CONVERSION = YES;
				CLANG_WARN_NON_LITERAL_NULL_CONVERSION = YES;
				CLANG_WARN_OBJC_IMPLICIT_RETAIN_SELF = YES;
				CLANG_WARN_OBJC_LITERAL_CONVERSION = YES;
				CLANG_WARN_OBJC_ROOT_CLASS = YES_ERROR;
				CLANG_WARN_RANGE_LOOP_ANALYSIS = YES;
				CLANG_WARN_STRICT_PROTOTYPES = YES;
				CLANG_WARN_SUSPICIOUS_MOVE = YES;
				CLANG_WARN_UNGUARDED_AVAILABILITY = YES_AGGRESSIVE;
				CLANG_WARN_UNREACHABLE_CODE = YES;
				CLANG_WARN__DUPLICATE_METHOD_MATCH = YES;
				COPY_PHASE_STRIP = NO;
				DEBUG_INFORMATION_FORMAT = "dwarf-with-dsym";
				ENABLE_NS_ASSERTIONS = NO;
				ENABLE_STRICT_OBJC_MSGSEND = YES;
				GCC_C_LANGUAGE_STANDARD = gnu11;
				GCC_NO_COMMON_BLOCKS = YES;
				GCC_WARN_64_TO_32_BIT_CONVERSION = YES;
				GCC_WARN_ABOUT_RETURN_TYPE = YES_ERROR;
				GCC_WARN_UNDECLARED_SELECTOR = YES;
				GCC_WARN_UNINITIALIZED_AUTOS = YES_AGGRESSIVE;
				GCC_WARN_UNUSED_FUNCTION = YES;
				GCC_WARN_UNUSED_VARIABLE = YES;
				IPHONEOS_DEPLOYMENT_TARGET = 13.2;
				MTL_ENABLE_DEBUG_INFO = NO;
				MTL_FAST_MATH = YES;
				SDKROOT = iphoneos;
				SWIFT_COMPILATION_MODE = wholemodule;
				SWIFT_OPTIMIZATION_LEVEL = "-O";
				VALIDATE_PRODUCT = YES;
			};
			name = Release;
		};
		2AFC54B82374C34E00408E21 /* Debug */ = {
			isa = XCBuildConfiguration;
			buildSettings = {
				ASSETCATALOG_COMPILER_APPICON_NAME = AppIcon;
				CODE_SIGN_STYLE = Automatic;
				DEVELOPMENT_TEAM = G359J97949;
				INFOPLIST_FILE = "$(SRCROOT)/DGScorekeeper/Resources/Info.plist";
				LD_RUNPATH_SEARCH_PATHS = (
					"$(inherited)",
					"@executable_path/Frameworks",
				);
				PRODUCT_BUNDLE_IDENTIFIER = com.AustinGoetz.DGScorekeeper;
				PRODUCT_NAME = "$(TARGET_NAME)";
				SWIFT_VERSION = 5.0;
				TARGETED_DEVICE_FAMILY = "1,2";
			};
			name = Debug;
		};
		2AFC54B92374C34E00408E21 /* Release */ = {
			isa = XCBuildConfiguration;
			buildSettings = {
				ASSETCATALOG_COMPILER_APPICON_NAME = AppIcon;
				CODE_SIGN_STYLE = Automatic;
				DEVELOPMENT_TEAM = G359J97949;
				INFOPLIST_FILE = "$(SRCROOT)/DGScorekeeper/Resources/Info.plist";
				LD_RUNPATH_SEARCH_PATHS = (
					"$(inherited)",
					"@executable_path/Frameworks",
				);
				PRODUCT_BUNDLE_IDENTIFIER = com.AustinGoetz.DGScorekeeper;
				PRODUCT_NAME = "$(TARGET_NAME)";
				SWIFT_VERSION = 5.0;
				TARGETED_DEVICE_FAMILY = "1,2";
			};
			name = Release;
		};
/* End XCBuildConfiguration section */

/* Begin XCConfigurationList section */
		2AFC549E2374C34D00408E21 /* Build configuration list for PBXProject "DGScorekeeper" */ = {
			isa = XCConfigurationList;
			buildConfigurations = (
				2AFC54B52374C34E00408E21 /* Debug */,
				2AFC54B62374C34E00408E21 /* Release */,
			);
			defaultConfigurationIsVisible = 0;
			defaultConfigurationName = Release;
		};
		2AFC54B72374C34E00408E21 /* Build configuration list for PBXNativeTarget "DGScorekeeper" */ = {
			isa = XCConfigurationList;
			buildConfigurations = (
				2AFC54B82374C34E00408E21 /* Debug */,
				2AFC54B92374C34E00408E21 /* Release */,
			);
			defaultConfigurationIsVisible = 0;
			defaultConfigurationName = Release;
		};
/* End XCConfigurationList section */
	};
	rootObject = 2AFC549B2374C34D00408E21 /* Project object */;
}
